// !$*UTF8*$!
{
	archiveVersion = 1;
	classes = {
	};
	objectVersion = 56;
	objects = {

/* Begin PBXBuildFile section */
		E402C9EA29EEB4190060BA26 /* SideMenuView.swift in Sources */ = {isa = PBXBuildFile; fileRef = E402C9E929EEB4180060BA26 /* SideMenuView.swift */; };
		E402C9EC29EEB4340060BA26 /* SideMenuHeaderView.swift in Sources */ = {isa = PBXBuildFile; fileRef = E402C9EB29EEB4340060BA26 /* SideMenuHeaderView.swift */; };
		E402C9EE29EEB4530060BA26 /* SideMenuOptionView.swift in Sources */ = {isa = PBXBuildFile; fileRef = E402C9ED29EEB4530060BA26 /* SideMenuOptionView.swift */; };
		E402C9F029EEB4760060BA26 /* SideMenuViewModel.swift in Sources */ = {isa = PBXBuildFile; fileRef = E402C9EF29EEB4760060BA26 /* SideMenuViewModel.swift */; };
		E4912D4029E2D2CF00613BA4 /* SwiftUI_Side_MenuApp.swift in Sources */ = {isa = PBXBuildFile; fileRef = E4912D3F29E2D2CF00613BA4 /* SwiftUI_Side_MenuApp.swift */; };
		E4912D4229E2D2CF00613BA4 /* ContentView.swift in Sources */ = {isa = PBXBuildFile; fileRef = E4912D4129E2D2CF00613BA4 /* ContentView.swift */; };
		E4912D4429E2D2D000613BA4 /* Assets.xcassets in Resources */ = {isa = PBXBuildFile; fileRef = E4912D4329E2D2D000613BA4 /* Assets.xcassets */; };
		E4912D4729E2D2D000613BA4 /* Preview Assets.xcassets in Resources */ = {isa = PBXBuildFile; fileRef = E4912D4629E2D2D000613BA4 /* Preview Assets.xcassets */; };
		E4912D5029E2D65100613BA4 /* RedView.swift in Sources */ = {isa = PBXBuildFile; fileRef = E4912D4F29E2D65000613BA4 /* RedView.swift */; };
		E4912D5229E2D65E00613BA4 /* GreenView.swift in Sources */ = {isa = PBXBuildFile; fileRef = E4912D5129E2D65D00613BA4 /* GreenView.swift */; };
		E4912D5429E2D66700613BA4 /* BlueView.swift in Sources */ = {isa = PBXBuildFile; fileRef = E4912D5329E2D66700613BA4 /* BlueView.swift */; };
/* End PBXBuildFile section */

/* Begin PBXFileReference section */
		E402C9E929EEB4180060BA26 /* SideMenuView.swift */ = {isa = PBXFileReference; lastKnownFileType = sourcecode.swift; path = SideMenuView.swift; sourceTree = "<group>"; };
		E402C9EB29EEB4340060BA26 /* SideMenuHeaderView.swift */ = {isa = PBXFileReference; lastKnownFileType = sourcecode.swift; path = SideMenuHeaderView.swift; sourceTree = "<group>"; };
		E402C9ED29EEB4530060BA26 /* SideMenuOptionView.swift */ = {isa = PBXFileReference; lastKnownFileType = sourcecode.swift; path = SideMenuOptionView.swift; sourceTree = "<group>"; };
		E402C9EF29EEB4760060BA26 /* SideMenuViewModel.swift */ = {isa = PBXFileReference; lastKnownFileType = sourcecode.swift; path = SideMenuViewModel.swift; sourceTree = "<group>"; };
		E4912D3C29E2D2CF00613BA4 /* SwiftUI Side Menu.app */ = {isa = PBXFileReference; explicitFileType = wrapper.application; includeInIndex = 0; path = "SwiftUI Side Menu.app"; sourceTree = BUILT_PRODUCTS_DIR; };
		E4912D3F29E2D2CF00613BA4 /* SwiftUI_Side_MenuApp.swift */ = {isa = PBXFileReference; lastKnownFileType = sourcecode.swift; path = SwiftUI_Side_MenuApp.swift; sourceTree = "<group>"; };
		E4912D4129E2D2CF00613BA4 /* ContentView.swift */ = {isa = PBXFileReference; lastKnownFileType = sourcecode.swift; path = ContentView.swift; sourceTree = "<group>"; };
		E4912D4329E2D2D000613BA4 /* Assets.xcassets */ = {isa = PBXFileReference; lastKnownFileType = folder.assetcatalog; path = Assets.xcassets; sourceTree = "<group>"; };
		E4912D4629E2D2D000613BA4 /* Preview Assets.xcassets */ = {isa = PBXFileReference; lastKnownFileType = folder.assetcatalog; path = "Preview Assets.xcassets"; sourceTree = "<group>"; };
		E4912D4F29E2D65000613BA4 /* RedView.swift */ = {isa = PBXFileReference; lastKnownFileType = sourcecode.swift; path = RedView.swift; sourceTree = "<group>"; };
		E4912D5129E2D65D00613BA4 /* GreenView.swift */ = {isa = PBXFileReference; lastKnownFileType = sourcecode.swift; path = GreenView.swift; sourceTree = "<group>"; };
		E4912D5329E2D66700613BA4 /* BlueView.swift */ = {isa = PBXFileReference; lastKnownFileType = sourcecode.swift; path = BlueView.swift; sourceTree = "<group>"; };
/* End PBXFileReference section */

/* Begin PBXFrameworksBuildPhase section */
		E4912D3929E2D2CF00613BA4 /* Frameworks */ = {
			isa = PBXFrameworksBuildPhase;
			buildActionMask = 2147483647;
			files = (
			);
			runOnlyForDeploymentPostprocessing = 0;
		};
/* End PBXFrameworksBuildPhase section */

/* Begin PBXGroup section */
		E4912D3329E2D2CF00613BA4 = {
			isa = PBXGroup;
			children = (
				E4912D3E29E2D2CF00613BA4 /* SwiftUI Side Menu */,
				E4912D3D29E2D2CF00613BA4 /* Products */,
			);
			sourceTree = "<group>";
		};
		E4912D3D29E2D2CF00613BA4 /* Products */ = {
			isa = PBXGroup;
			children = (
				E4912D3C29E2D2CF00613BA4 /* SwiftUI Side Menu.app */,
			);
			name = Products;
			sourceTree = "<group>";
		};
		E4912D3E29E2D2CF00613BA4 /* SwiftUI Side Menu */ = {
			isa = PBXGroup;
			children = (
				E4912D3F29E2D2CF00613BA4 /* SwiftUI_Side_MenuApp.swift */,
				E4912D4129E2D2CF00613BA4 /* ContentView.swift */,
				E4912D4329E2D2D000613BA4 /* Assets.xcassets */,
				E4912D4529E2D2D000613BA4 /* Preview Content */,
				E4912D4F29E2D65000613BA4 /* RedView.swift */,
				E4912D5129E2D65D00613BA4 /* GreenView.swift */,
				E4912D5329E2D66700613BA4 /* BlueView.swift */,
				E402C9E929EEB4180060BA26 /* SideMenuView.swift */,
				E402C9EB29EEB4340060BA26 /* SideMenuHeaderView.swift */,
				E402C9ED29EEB4530060BA26 /* SideMenuOptionView.swift */,
				E402C9EF29EEB4760060BA26 /* SideMenuViewModel.swift */,
			);
			path = "SwiftUI Side Menu";
			sourceTree = "<group>";
		};
		E4912D4529E2D2D000613BA4 /* Preview Content */ = {
			isa = PBXGroup;
			children = (
				E4912D4629E2D2D000613BA4 /* Preview Assets.xcassets */,
			);
			path = "Preview Content";
			sourceTree = "<group>";
		};
/* End PBXGroup section */

/* Begin PBXNativeTarget section */
		E4912D3B29E2D2CF00613BA4 /* SwiftUI Side Menu */ = {
			isa = PBXNativeTarget;
			buildConfigurationList = E4912D4A29E2D2D000613BA4 /* Build configuration list for PBXNativeTarget "SwiftUI Side Menu" */;
			buildPhases = (
				E4912D3829E2D2CF00613BA4 /* Sources */,
				E4912D3929E2D2CF00613BA4 /* Frameworks */,
				E4912D3A29E2D2CF00613BA4 /* Resources */,
			);
			buildRules = (
			);
			dependencies = (
			);
			name = "SwiftUI Side Menu";
			packageProductDependencies = (
			);
			productName = "SwiftUI Side Menu";
			productReference = E4912D3C29E2D2CF00613BA4 /* SwiftUI Side Menu.app */;
			productType = "com.apple.product-type.application";
		};
/* End PBXNativeTarget section */

/* Begin PBXProject section */
		E4912D3429E2D2CF00613BA4 /* Project object */ = {
			isa = PBXProject;
			attributes = {
				BuildIndependentTargetsInParallel = 1;
				LastSwiftUpdateCheck = 1420;
				LastUpgradeCheck = 1420;
				TargetAttributes = {
					E4912D3B29E2D2CF00613BA4 = {
						CreatedOnToolsVersion = 14.2;
					};
				};
			};
			buildConfigurationList = E4912D3729E2D2CF00613BA4 /* Build configuration list for PBXProject "SwiftUI Side Menu" */;
			compatibilityVersion = "Xcode 14.0";
			developmentRegion = en;
			hasScannedForEncodings = 0;
			knownRegions = (
				en,
				Base,
			);
			mainGroup = E4912D3329E2D2CF00613BA4;
			packageReferences = (
			);
			productRefGroup = E4912D3D29E2D2CF00613BA4 /* Products */;
			projectDirPath = "";
			projectRoot = "";
			targets = (
				E4912D3B29E2D2CF00613BA4 /* SwiftUI Side Menu */,
			);
		};
/* End PBXProject section */

/* Begin PBXResourcesBuildPhase section */
		E4912D3A29E2D2CF00613BA4 /* Resources */ = {
			isa = PBXResourcesBuildPhase;
			buildActionMask = 2147483647;
			files = (
				E4912D4729E2D2D000613BA4 /* Preview Assets.xcassets in Resources */,
				E4912D4429E2D2D000613BA4 /* Assets.xcassets in Resources */,
			);
			runOnlyForDeploymentPostprocessing = 0;
		};
/* End PBXResourcesBuildPhase section */

/* Begin PBXSourcesBuildPhase section */
		E4912D3829E2D2CF00613BA4 /* Sources */ = {
			isa = PBXSourcesBuildPhase;
			buildActionMask = 2147483647;
			files = (
				E402C9EA29EEB4190060BA26 /* SideMenuView.swift in Sources */,
				E402C9EE29EEB4530060BA26 /* SideMenuOptionView.swift in Sources */,
				E402C9EC29EEB4340060BA26 /* SideMenuHeaderView.swift in Sources */,
				E4912D4229E2D2CF00613BA4 /* ContentView.swift in Sources */,
				E402C9F029EEB4760060BA26 /* SideMenuViewModel.swift in Sources */,
				E4912D5229E2D65E00613BA4 /* GreenView.swift in Sources */,
				E4912D5029E2D65100613BA4 /* RedView.swift in Sources */,
				E4912D5429E2D66700613BA4 /* BlueView.swift in Sources */,
				E4912D4029E2D2CF00613BA4 /* SwiftUI_Side_MenuApp.swift in Sources */,
			);
			runOnlyForDeploymentPostprocessing = 0;
		};
/* End PBXSourcesBuildPhase section */

/* Begin XCBuildConfiguration section */
		E4912D4829E2D2D000613BA4 /* Debug */ = {
			isa = XCBuildConfiguration;
			buildSettings = {
				ALWAYS_SEARCH_USER_PATHS = NO;
				CLANG_ANALYZER_NONNULL = YES;
				CLANG_ANALYZER_NUMBER_OBJECT_CONVERSION = YES_AGGRESSIVE;
				CLANG_CXX_LANGUAGE_STANDARD = "gnu++20";
				CLANG_ENABLE_MODULES = YES;
				CLANG_ENABLE_OBJC_ARC = YES;
				CLANG_ENABLE_OBJC_WEAK = YES;
				CLANG_WARN_BLOCK_CAPTURE_AUTORELEASING = YES;
				CLANG_WARN_BOOL_CONVERSION = YES;
				CLANG_WARN_COMMA = YES;
				CLANG_WARN_CONSTANT_CONVERSION = YES;
				CLANG_WARN_DEPRECATED_OBJC_IMPLEMENTATIONS = YES;
				CLANG_WARN_DIRECT_OBJC_ISA_USAGE = YES_ERROR;
				CLANG_WARN_DOCUMENTATION_COMMENTS = YES;
				CLANG_WARN_EMPTY_BODY = YES;
				CLANG_WARN_ENUM_CONVERSION = YES;
				CLANG_WARN_INFINITE_RECURSION = YES;
				CLANG_WARN_INT_CONVERSION = YES;
				CLANG_WARN_NON_LITERAL_NULL_CONVERSION = YES;
				CLANG_WARN_OBJC_IMPLICIT_RETAIN_SELF = YES;
				CLANG_WARN_OBJC_LITERAL_CONVERSION = YES;
				CLANG_WARN_OBJC_ROOT_CLASS = YES_ERROR;
				CLANG_WARN_QUOTED_INCLUDE_IN_FRAMEWORK_HEADER = YES;
				CLANG_WARN_RANGE_LOOP_ANALYSIS = YES;
				CLANG_WARN_STRICT_PROTOTYPES = YES;
				CLANG_WARN_SUSPICIOUS_MOVE = YES;
				CLANG_WARN_UNGUARDED_AVAILABILITY = YES_AGGRESSIVE;
				CLANG_WARN_UNREACHABLE_CODE = YES;
				CLANG_WARN__DUPLICATE_METHOD_MATCH = YES;
				COPY_PHASE_STRIP = NO;
				DEBUG_INFORMATION_FORMAT = dwarf;
				ENABLE_STRICT_OBJC_MSGSEND = YES;
				ENABLE_TESTABILITY = YES;
				GCC_C_LANGUAGE_STANDARD = gnu11;
				GCC_DYNAMIC_NO_PIC = NO;
				GCC_NO_COMMON_BLOCKS = YES;
				GCC_OPTIMIZATION_LEVEL = 0;
				GCC_PREPROCESSOR_DEFINITIONS = (
					"DEBUG=1",
					"$(inherited)",
				);
				GCC_WARN_64_TO_32_BIT_CONVERSION = YES;
				GCC_WARN_ABOUT_RETURN_TYPE = YES_ERROR;
				GCC_WARN_UNDECLARED_SELECTOR = YES;
				GCC_WARN_UNINITIALIZED_AUTOS = YES_AGGRESSIVE;
				GCC_WARN_UNUSED_FUNCTION = YES;
				GCC_WARN_UNUSED_VARIABLE = YES;
				IPHONEOS_DEPLOYMENT_TARGET = 16.2;
				MTL_ENABLE_DEBUG_INFO = INCLUDE_SOURCE;
				MTL_FAST_MATH = YES;
				ONLY_ACTIVE_ARCH = YES;
				SDKROOT = iphoneos;
				SWIFT_ACTIVE_COMPILATION_CONDITIONS = DEBUG;
				SWIFT_OPTIMIZATION_LEVEL = "-Onone";
			};
			name = Debug;
		};
		E4912D4929E2D2D000613BA4 /* Release */ = {
			isa = XCBuildConfiguration;
			buildSettings = {
				ALWAYS_SEARCH_USER_PATHS = NO;
				CLANG_ANALYZER_NONNULL = YES;
				CLANG_ANALYZER_NUMBER_OBJECT_CONVERSION = YES_AGGRESSIVE;
				CLANG_CXX_LANGUAGE_STANDARD = "gnu++20";
				CLANG_ENABLE_MODULES = YES;
				CLANG_ENABLE_OBJC_ARC = YES;
				CLANG_ENABLE_OBJC_WEAK = YES;
				CLANG_WARN_BLOCK_CAPTURE_AUTORELEASING = YES;
				CLANG_WARN_BOOL_CONVERSION = YES;
				CLANG_WARN_COMMA = YES;
				CLANG_WARN_CONSTANT_CONVERSION = YES;
				CLANG_WARN_DEPRECATED_OBJC_IMPLEMENTATIONS = YES;
				CLANG_WARN_DIRECT_OBJC_ISA_USAGE = YES_ERROR;
				CLANG_WARN_DOCUMENTATION_COMMENTS = YES;
				CLANG_WARN_EMPTY_BODY = YES;
				CLANG_WARN_ENUM_CONVERSION = YES;
				CLANG_WARN_INFINITE_RECURSION = YES;
				CLANG_WARN_INT_CONVERSION = YES;
				CLANG_WARN_NON_LITERAL_NULL_CONVERSION = YES;
				CLANG_WARN_OBJC_IMPLICIT_RETAIN_SELF = YES;
				CLANG_WARN_OBJC_LITERAL_CONVERSION = YES;
				CLANG_WARN_OBJC_ROOT_CLASS = YES_ERROR;
				CLANG_WARN_QUOTED_INCLUDE_IN_FRAMEWORK_HEADER = YES;
				CLANG_WARN_RANGE_LOOP_ANALYSIS = YES;
				CLANG_WARN_STRICT_PROTOTYPES = YES;
				CLANG_WARN_SUSPICIOUS_MOVE = YES;
				CLANG_WARN_UNGUARDED_AVAILABILITY = YES_AGGRESSIVE;
				CLANG_WARN_UNREACHABLE_CODE = YES;
				CLANG_WARN__DUPLICATE_METHOD_MATCH = YES;
				COPY_PHASE_STRIP = NO;
				DEBUG_INFORMATION_FORMAT = "dwarf-with-dsym";
				ENABLE_NS_ASSERTIONS = NO;
				ENABLE_STRICT_OBJC_MSGSEND = YES;
				GCC_C_LANGUAGE_STANDARD = gnu11;
				GCC_NO_COMMON_BLOCKS = YES;
				GCC_WARN_64_TO_32_BIT_CONVERSION = YES;
				GCC_WARN_ABOUT_RETURN_TYPE = YES_ERROR;
				GCC_WARN_UNDECLARED_SELECTOR = YES;
				GCC_WARN_UNINITIALIZED_AUTOS = YES_AGGRESSIVE;
				GCC_WARN_UNUSED_FUNCTION = YES;
				GCC_WARN_UNUSED_VARIABLE = YES;
				IPHONEOS_DEPLOYMENT_TARGET = 16.2;
				MTL_ENABLE_DEBUG_INFO = NO;
				MTL_FAST_MATH = YES;
				SDKROOT = iphoneos;
				SWIFT_COMPILATION_MODE = wholemodule;
				SWIFT_OPTIMIZATION_LEVEL = "-O";
				VALIDATE_PRODUCT = YES;
			};
			name = Release;
		};
		E4912D4B29E2D2D000613BA4 /* Debug */ = {
			isa = XCBuildConfiguration;
			buildSettings = {
				ASSETCATALOG_COMPILER_APPICON_NAME = AppIcon;
				ASSETCATALOG_COMPILER_GLOBAL_ACCENT_COLOR_NAME = AccentColor;
				CODE_SIGN_STYLE = Automatic;
				CURRENT_PROJECT_VERSION = 1;
				DEVELOPMENT_ASSET_PATHS = "\"SwiftUI Side Menu/Preview Content\"";
				DEVELOPMENT_TEAM = LW697C6GXC;
				ENABLE_PREVIEWS = YES;
				GENERATE_INFOPLIST_FILE = YES;
				INFOPLIST_KEY_UIApplicationSceneManifest_Generation = YES;
				INFOPLIST_KEY_UIApplicationSupportsIndirectInputEvents = YES;
				INFOPLIST_KEY_UILaunchScreen_Generation = YES;
				INFOPLIST_KEY_UISupportedInterfaceOrientations_iPad = "UIInterfaceOrientationPortrait UIInterfaceOrientationPortraitUpsideDown UIInterfaceOrientationLandscapeLeft UIInterfaceOrientationLandscapeRight";
				INFOPLIST_KEY_UISupportedInterfaceOrientations_iPhone = "UIInterfaceOrientationPortrait UIInterfaceOrientationLandscapeLeft UIInterfaceOrientationLandscapeRight";
				LD_RUNPATH_SEARCH_PATHS = (
					"$(inherited)",
					"@executable_path/Frameworks",
				);
				MARKETING_VERSION = 1.0;
				PRODUCT_BUNDLE_IDENTIFIER = "com.junaed.SwiftUI-Side-Menu";
				PRODUCT_NAME = "$(TARGET_NAME)";
				SWIFT_EMIT_LOC_STRINGS = YES;
				SWIFT_VERSION = 5.0;
				TARGETED_DEVICE_FAMILY = "1,2";
			};
			name = Debug;
		};
		E4912D4C29E2D2D000613BA4 /* Release */ = {
			isa = XCBuildConfiguration;
			buildSettings = {
				ASSETCATALOG_COMPILER_APPICON_NAME = AppIcon;
				ASSETCATALOG_COMPILER_GLOBAL_ACCENT_COLOR_NAME = AccentColor;
				CODE_SIGN_STYLE = Automatic;
				CURRENT_PROJECT_VERSION = 1;
				DEVELOPMENT_ASSET_PATHS = "\"SwiftUI Side Menu/Preview Content\"";
				DEVELOPMENT_TEAM = LW697C6GXC;
				ENABLE_PREVIEWS = YES;
				GENERATE_INFOPLIST_FILE = YES;
				INFOPLIST_KEY_UIApplicationSceneManifest_Generation = YES;
				INFOPLIST_KEY_UIApplicationSupportsIndirectInputEvents = YES;
				INFOPLIST_KEY_UILaunchScreen_Generation = YES;
				INFOPLIST_KEY_UISupportedInterfaceOrientations_iPad = "UIInterfaceOrientationPortrait UIInterfaceOrientationPortraitUpsideDown UIInterfaceOrientationLandscapeLeft UIInterfaceOrientationLandscapeRight";
				INFOPLIST_KEY_UISupportedInterfaceOrientations_iPhone = "UIInterfaceOrientationPortrait UIInterfaceOrientationLandscapeLeft UIInterfaceOrientationLandscapeRight";
				LD_RUNPATH_SEARCH_PATHS = (
					"$(inherited)",
					"@executable_path/Frameworks",
				);
				MARKETING_VERSION = 1.0;
				PRODUCT_BUNDLE_IDENTIFIER = "com.junaed.SwiftUI-Side-Menu";
				PRODUCT_NAME = "$(TARGET_NAME)";
				SWIFT_EMIT_LOC_STRINGS = YES;
				SWIFT_VERSION = 5.0;
				TARGETED_DEVICE_FAMILY = "1,2";
			};
			name = Release;
		};
/* End XCBuildConfiguration section */

/* Begin XCConfigurationList section */
		E4912D3729E2D2CF00613BA4 /* Build configuration list for PBXProject "SwiftUI Side Menu" */ = {
			isa = XCConfigurationList;
			buildConfigurations = (
				E4912D4829E2D2D000613BA4 /* Debug */,
				E4912D4929E2D2D000613BA4 /* Release */,
			);
			defaultConfigurationIsVisible = 0;
			defaultConfigurationName = Release;
		};
		E4912D4A29E2D2D000613BA4 /* Build configuration list for PBXNativeTarget "SwiftUI Side Menu" */ = {
			isa = XCConfigurationList;
			buildConfigurations = (
				E4912D4B29E2D2D000613BA4 /* Debug */,
				E4912D4C29E2D2D000613BA4 /* Release */,
			);
			defaultConfigurationIsVisible = 0;
			defaultConfigurationName = Release;
		};
/* End XCConfigurationList section */
	};
	rootObject = E4912D3429E2D2CF00613BA4 /* Project object */;
}
